
Microsoft Visual Studio Solution File, Format Version 12.00
# Visual Studio Version 17
VisualStudioVersion = 17.4.33110.190
MinimumVisualStudioVersion = 10.0.40219.1
Project("{FAE04EC0-301F-11D3-BF4B-00C04F79EFBC}") = "player", "player\player.csproj", "{9B69BDB7-876A-4C8E-8DB4-BB0579486845}"
EndProject
Global
	GlobalSection(SolutionConfigurationPlatforms) = preSolution
		Debug|Any CPU = Debug|Any CPU
		Release|Any CPU = Release|Any CPU
	EndGlobalSection
	GlobalSection(ProjectConfigurationPlatforms) = postSolution
		{9B69BDB7-876A-4C8E-8DB4-BB0579486845}.Debug|Any CPU.ActiveCfg = Debug|Any CPU
		{9B69BDB7-876A-4C8E-8DB4-BB0579486845}.Debug|Any CPU.Build.0 = Debug|Any CPU
		{9B69BDB7-876A-4C8E-8DB4-BB0579486845}.Release|Any CPU.ActiveCfg = Release|Any CPU
		{9B69BDB7-876A-4C8E-8DB4-BB0579486845}.Release|Any CPU.Build.0 = Release|Any CPU
	EndGlobalSection
	GlobalSection(SolutionProperties) = preSolution
		HideSolutionNode = FALSE
	EndGlobalSection
	GlobalSection(ExtensibilityGlobals) = postSolution
		SolutionGuid = {F852C98B-E815-4D1C-9F69-855C1E29CA71}
	EndGlobalSection
EndGlobal
